
Microsoft Visual Studio Solution File, Format Version 12.00
# Visual Studio Version 17
VisualStudioVersion = 17.14.36414.22
MinimumVisualStudioVersion = 10.0.40219.1
Project("{FAE04EC0-301F-11D3-BF4B-00C04F79EFBC}") = "TaxSystem", "TaxSystem\TaxSystem.csproj", "{72D96758-7665-49C3-AB44-731A492981F5}"
EndProject
Project("{FAE04EC0-301F-11D3-BF4B-00C04F79EFBC}") = "Infrastructure", "Infrastructure\Infrastructure.csproj", "{C191B136-A207-4221-8D1D-57810DAD9C52}"
EndProject
Project("{FAE04EC0-301F-11D3-BF4B-00C04F79EFBC}") = "Application", "Application\Application.csproj", "{AB01C5E9-2CCC-407A-ACCE-60808390B111}"
EndProject
Global
	GlobalSection(SolutionConfigurationPlatforms) = preSolution
		Debug|Any CPU = Debug|Any CPU
		Release|Any CPU = Release|Any CPU
	EndGlobalSection
	GlobalSection(ProjectConfigurationPlatforms) = postSolution
		{72D96758-7665-49C3-AB44-731A492981F5}.Debug|Any CPU.ActiveCfg = Debug|Any CPU
		{72D96758-7665-49C3-AB44-731A492981F5}.Debug|Any CPU.Build.0 = Debug|Any CPU
		{72D96758-7665-49C3-AB44-731A492981F5}.Release|Any CPU.ActiveCfg = Release|Any CPU
		{72D96758-7665-49C3-AB44-731A492981F5}.Release|Any CPU.Build.0 = Release|Any CPU
		{C191B136-A207-4221-8D1D-57810DAD9C52}.Debug|Any CPU.ActiveCfg = Debug|Any CPU
		{C191B136-A207-4221-8D1D-57810DAD9C52}.Debug|Any CPU.Build.0 = Debug|Any CPU
		{C191B136-A207-4221-8D1D-57810DAD9C52}.Release|Any CPU.ActiveCfg = Release|Any CPU
		{C191B136-A207-4221-8D1D-57810DAD9C52}.Release|Any CPU.Build.0 = Release|Any CPU
		{AB01C5E9-2CCC-407A-ACCE-60808390B111}.Debug|Any CPU.ActiveCfg = Debug|Any CPU
		{AB01C5E9-2CCC-407A-ACCE-60808390B111}.Debug|Any CPU.Build.0 = Debug|Any CPU
		{AB01C5E9-2CCC-407A-ACCE-60808390B111}.Release|Any CPU.ActiveCfg = Release|Any CPU
		{AB01C5E9-2CCC-407A-ACCE-60808390B111}.Release|Any CPU.Build.0 = Release|Any CPU
	EndGlobalSection
	GlobalSection(SolutionProperties) = preSolution
		HideSolutionNode = FALSE
	EndGlobalSection
	GlobalSection(ExtensibilityGlobals) = postSolution
		SolutionGuid = {15D0331F-D391-4511-941F-A648D38A5B42}
	EndGlobalSection
EndGlobal
